
Microsoft Visual Studio Solution File, Format Version 12.00
# Visual Studio Version 17
VisualStudioVersion = 17.14.36202.13 d17.14
MinimumVisualStudioVersion = 10.0.40219.1
Project("{FAE04EC0-301F-11D3-BF4B-00C04F79EFBC}") = "ElavatorSimilator", "ElavatorSimilator\ElavatorSimilator.csproj", "{C0B3332F-1ED3-4343-B8B9-7ED37BE67F7F}"
EndProject
Global
	GlobalSection(SolutionConfigurationPlatforms) = preSolution
		Debug|Any CPU = Debug|Any CPU
		Release|Any CPU = Release|Any CPU
	EndGlobalSection
	GlobalSection(ProjectConfigurationPlatforms) = postSolution
		{C0B3332F-1ED3-4343-B8B9-7ED37BE67F7F}.Debug|Any CPU.ActiveCfg = Release|Any CPU
		{C0B3332F-1ED3-4343-B8B9-7ED37BE67F7F}.Debug|Any CPU.Build.0 = Release|Any CPU
		{C0B3332F-1ED3-4343-B8B9-7ED37BE67F7F}.Release|Any CPU.ActiveCfg = Release|Any CPU
		{C0B3332F-1ED3-4343-B8B9-7ED37BE67F7F}.Release|Any CPU.Build.0 = Release|Any CPU
	EndGlobalSection
	GlobalSection(SolutionProperties) = preSolution
		HideSolutionNode = FALSE
	EndGlobalSection
	GlobalSection(ExtensibilityGlobals) = postSolution
		SolutionGuid = {3E199605-96A3-41A0-B391-BA42190F669A}
	EndGlobalSection
EndGlobal
